
Microsoft Visual Studio Solution File, Format Version 12.00
# Visual Studio Version 16
VisualStudioVersion = 16.0.29806.167
MinimumVisualStudioVersion = 10.0.40219.1
Project("{FAE04EC0-301F-11D3-BF4B-00C04F79EFBC}") = "saor", "saor\saor.csproj", "{4D8433BB-9E98-4B8C-9F6F-14E752BDE467}"
EndProject
Global
	GlobalSection(SolutionConfigurationPlatforms) = preSolution
		Debug|Any CPU = Debug|Any CPU
		Release|Any CPU = Release|Any CPU
	EndGlobalSection
	GlobalSection(ProjectConfigurationPlatforms) = postSolution
		{4D8433BB-9E98-4B8C-9F6F-14E752BDE467}.Debug|Any CPU.ActiveCfg = Debug|Any CPU
		{4D8433BB-9E98-4B8C-9F6F-14E752BDE467}.Debug|Any CPU.Build.0 = Debug|Any CPU
		{4D8433BB-9E98-4B8C-9F6F-14E752BDE467}.Release|Any CPU.ActiveCfg = Release|Any CPU
		{4D8433BB-9E98-4B8C-9F6F-14E752BDE467}.Release|Any CPU.Build.0 = Release|Any CPU
	EndGlobalSection
	GlobalSection(SolutionProperties) = preSolution
		HideSolutionNode = FALSE
	EndGlobalSection
	GlobalSection(ExtensibilityGlobals) = postSolution
		SolutionGuid = {49DAFF48-9FDB-4EB7-B0BB-31E20EDD0A74}
	EndGlobalSection
EndGlobal
